PODS:
  - boost-for-react-native (1.63.0)
  - CocoaAsyncSocket (7.6.5)
  - DoubleConversion (1.1.6)
  - FBLazyVector (0.63.25)
  - FBReactNativeSpec (0.63.25):
    - RCT-Folly (= 2020.01.13.00)
    - RCTRequired (= 0.63.25)
    - RCTTypeSafety (= 0.63.25)
    - React-Core (= 0.63.25)
    - React-jsi (= 0.63.25)
    - ReactCommon/turbomodule/core (= 0.63.25)
  - Flipper (0.54.0):
    - Flipper-Folly (~> 2.2)
    - Flipper-RSocket (~> 1.1)
  - Flipper-DoubleConversion (1.1.7)
  - Flipper-Folly (2.5.1):
    - boost-for-react-native
    - Flipper-DoubleConversion
    - Flipper-Glog
    - libevent (~> 2.1.12)
    - OpenSSL-Universal (= 1.1.180)
  - Flipper-Glog (0.3.6)
  - Flipper-PeerTalk (0.0.4)
  - Flipper-RSocket (1.3.1):
    - Flipper-Folly (~> 2.5)
  - FlipperKit (0.54.0):
    - FlipperKit/Core (= 0.54.0)
  - FlipperKit/Core (0.54.0):
    - Flipper (~> 0.54.0)
    - FlipperKit/CppBridge
    - FlipperKit/FBCxxFollyDynamicConvert
    - FlipperKit/FBDefines
    - FlipperKit/FKPortForwarding
  - FlipperKit/CppBridge (0.54.0):
    - Flipper (~> 0.54.0)
  - FlipperKit/FBCxxFollyDynamicConvert (0.54.0):
    - Flipper-Folly (~> 2.2)
  - FlipperKit/FBDefines (0.54.0)
  - FlipperKit/FKPortForwarding (0.54.0):
    - CocoaAsyncSocket (~> 7.6)
    - Flipper-PeerTalk (~> 0.0.4)
  - FlipperKit/FlipperKitHighlightOverlay (0.54.0)
  - FlipperKit/FlipperKitLayoutPlugin (0.54.0):
    - FlipperKit/Core
    - FlipperKit/FlipperKitHighlightOverlay
    - FlipperKit/FlipperKitLayoutTextSearchable
    - YogaKit (~> 1.18)
  - FlipperKit/FlipperKitLayoutTextSearchable (0.54.0)
  - FlipperKit/FlipperKitNetworkPlugin (0.54.0):
    - FlipperKit/Core
  - FlipperKit/FlipperKitReactPlugin (0.54.0):
    - FlipperKit/Core
  - FlipperKit/FlipperKitUserDefaultsPlugin (0.54.0):
    - FlipperKit/Core
  - FlipperKit/SKIOSNetworkPlugin (0.54.0):
    - FlipperKit/Core
    - FlipperKit/FlipperKitNetworkPlugin
  - glog (0.3.5)
  - libevent (2.1.12)
  - OpenSSL-Universal (1.1.180)
  - RCT-Folly (2020.01.13.00):
    - boost-for-react-native
    - DoubleConversion
    - glog
    - RCT-Folly/Default (= 2020.01.13.00)
  - RCT-Folly/Default (2020.01.13.00):
    - boost-for-react-native
    - DoubleConversion
    - glog
  - RCTRequired (0.63.25)
  - RCTTypeSafety (0.63.25):
    - FBLazyVector (= 0.63.25)
    - RCT-Folly (= 2020.01.13.00)
    - RCTRequired (= 0.63.25)
    - React-Core (= 0.63.25)
  - React (0.63.25):
    - React-Core (= 0.63.25)
    - React-Core/DevSupport (= 0.63.25)
    - React-Core/RCTWebSocket (= 0.63.25)
    - React-RCTActionSheet (= 0.63.25)
    - React-RCTAnimation (= 0.63.25)
    - React-RCTBlob (= 0.63.25)
    - React-RCTImage (= 0.63.25)
    - React-RCTLinking (= 0.63.25)
    - React-RCTNetwork (= 0.63.25)
    - React-RCTSettings (= 0.63.25)
    - React-RCTText (= 0.63.25)
    - React-RCTVibration (= 0.63.25)
  - React-callinvoker (0.63.25)
  - React-Core (0.63.25):
    - glog
    - RCT-Folly (= 2020.01.13.00)
    - React-Core/Default (= 0.63.25)
    - React-cxxreact (= 0.63.25)
    - React-jsi (= 0.63.25)
    - React-jsiexecutor (= 0.63.25)
    - Yoga
  - React-Core/CoreModulesHeaders (0.63.25):
    - glog
    - RCT-Folly (= 2020.01.13.00)
    - React-Core/Default
    - React-cxxreact (= 0.63.25)
    - React-jsi (= 0.63.25)
    - React-jsiexecutor (= 0.63.25)
    - Yoga
  - React-Core/Default (0.63.25):
    - glog
    - RCT-Folly (= 2020.01.13.00)
    - React-cxxreact (= 0.63.25)
    - React-jsi (= 0.63.25)
    - React-jsiexecutor (= 0.63.25)
    - Yoga
  - React-Core/DevSupport (0.63.25):
    - glog
    - RCT-Folly (= 2020.01.13.00)
    - React-Core/Default (= 0.63.25)
    - React-Core/RCTWebSocket (= 0.63.25)
    - React-cxxreact (= 0.63.25)
    - React-jsi (= 0.63.25)
    - React-jsiexecutor (= 0.63.25)
    - React-jsinspector (= 0.63.25)
    - Yoga
  - React-Core/RCTActionSheetHeaders (0.63.25):
    - glog
    - RCT-Folly (= 2020.01.13.00)
    - React-Core/Default
    - React-cxxreact (= 0.63.25)
    - React-jsi (= 0.63.25)
    - React-jsiexecutor (= 0.63.25)
    - Yoga
  - React-Core/RCTAnimationHeaders (0.63.25):
    - glog
    - RCT-Folly (= 2020.01.13.00)
    - React-Core/Default
    - React-cxxreact (= 0.63.25)
    - React-jsi (= 0.63.25)
    - React-jsiexecutor (= 0.63.25)
    - Yoga
  - React-Core/RCTBlobHeaders (0.63.25):
    - glog
    - RCT-Folly (= 2020.01.13.00)
    - React-Core/Default
    - React-cxxreact (= 0.63.25)
    - React-jsi (= 0.63.25)
    - React-jsiexecutor (= 0.63.25)
    - Yoga
  - React-Core/RCTImageHeaders (0.63.25):
    - glog
    - RCT-Folly (= 2020.01.13.00)
    - React-Core/Default
    - React-cxxreact (= 0.63.25)
    - React-jsi (= 0.63.25)
    - React-jsiexecutor (= 0.63.25)
    - Yoga
  - React-Core/RCTLinkingHeaders (0.63.25):
    - glog
    - RCT-Folly (= 2020.01.13.00)
    - React-Core/Default
    - React-cxxreact (= 0.63.25)
    - React-jsi (= 0.63.25)
    - React-jsiexecutor (= 0.63.25)
    - Yoga
  - React-Core/RCTNetworkHeaders (0.63.25):
    - glog
    - RCT-Folly (= 2020.01.13.00)
    - React-Core/Default
    - React-cxxreact (= 0.63.25)
    - React-jsi (= 0.63.25)
    - React-jsiexecutor (= 0.63.25)
    - Yoga
  - React-Core/RCTSettingsHeaders (0.63.25):
    - glog
    - RCT-Folly (= 2020.01.13.00)
    - React-Core/Default
    - React-cxxreact (= 0.63.25)
    - React-jsi (= 0.63.25)
    - React-jsiexecutor (= 0.63.25)
    - Yoga
  - React-Core/RCTTextHeaders (0.63.25):
    - glog
    - RCT-Folly (= 2020.01.13.00)
    - React-Core/Default
    - React-cxxreact (= 0.63.25)
    - React-jsi (= 0.63.25)
    - React-jsiexecutor (= 0.63.25)
    - Yoga
  - React-Core/RCTVibrationHeaders (0.63.25):
    - glog
    - RCT-Folly (= 2020.01.13.00)
    - React-Core/Default
    - React-cxxreact (= 0.63.25)
    - React-jsi (= 0.63.25)
    - React-jsiexecutor (= 0.63.25)
    - Yoga
  - React-Core/RCTWebSocket (0.63.25):
    - glog
    - RCT-Folly (= 2020.01.13.00)
    - React-Core/Default (= 0.63.25)
    - React-cxxreact (= 0.63.25)
    - React-jsi (= 0.63.25)
    - React-jsiexecutor (= 0.63.25)
    - Yoga
  - React-CoreModules (0.63.25):
    - FBReactNativeSpec (= 0.63.25)
    - RCT-Folly (= 2020.01.13.00)
    - RCTTypeSafety (= 0.63.25)
    - React-Core/CoreModulesHeaders (= 0.63.25)
    - React-jsi (= 0.63.25)
    - React-RCTImage (= 0.63.25)
    - ReactCommon/turbomodule/core (= 0.63.25)
  - React-cxxreact (0.63.25):
    - boost-for-react-native (= 1.63.0)
    - DoubleConversion
    - glog
    - RCT-Folly (= 2020.01.13.00)
    - React-callinvoker (= 0.63.25)
    - React-jsinspector (= 0.63.25)
  - React-jsi (0.63.25):
    - boost-for-react-native (= 1.63.0)
    - DoubleConversion
    - glog
    - RCT-Folly (= 2020.01.13.00)
    - React-jsi/Default (= 0.63.25)
  - React-jsi/Default (0.63.25):
    - boost-for-react-native (= 1.63.0)
    - DoubleConversion
    - glog
    - RCT-Folly (= 2020.01.13.00)
  - React-jsiexecutor (0.63.25):
    - DoubleConversion
    - glog
    - RCT-Folly (= 2020.01.13.00)
    - React-cxxreact (= 0.63.25)
    - React-jsi (= 0.63.25)
  - React-jsinspector (0.63.25)
  - React-RCTActionSheet (0.63.25):
    - React-Core/RCTActionSheetHeaders (= 0.63.25)
  - React-RCTAnimation (0.63.25):
    - FBReactNativeSpec (= 0.63.25)
    - RCT-Folly (= 2020.01.13.00)
    - RCTTypeSafety (= 0.63.25)
    - React-Core/RCTAnimationHeaders (= 0.63.25)
    - React-jsi (= 0.63.25)
    - ReactCommon/turbomodule/core (= 0.63.25)
  - React-RCTBlob (0.63.25):
    - FBReactNativeSpec (= 0.63.25)
    - RCT-Folly (= 2020.01.13.00)
    - React-Core/RCTBlobHeaders (= 0.63.25)
    - React-Core/RCTWebSocket (= 0.63.25)
    - React-jsi (= 0.63.25)
    - React-RCTNetwork (= 0.63.25)
    - ReactCommon/turbomodule/core (= 0.63.25)
  - React-RCTImage (0.63.25):
    - FBReactNativeSpec (= 0.63.25)
    - RCT-Folly (= 2020.01.13.00)
    - RCTTypeSafety (= 0.63.25)
    - React-Core/RCTImageHeaders (= 0.63.25)
    - React-jsi (= 0.63.25)
    - React-RCTNetwork (= 0.63.25)
    - ReactCommon/turbomodule/core (= 0.63.25)
  - React-RCTLinking (0.63.25):
    - FBReactNativeSpec (= 0.63.25)
    - React-Core/RCTLinkingHeaders (= 0.63.25)
    - React-jsi (= 0.63.25)
    - ReactCommon/turbomodule/core (= 0.63.25)
  - React-RCTNetwork (0.63.25):
    - FBReactNativeSpec (= 0.63.25)
    - RCT-Folly (= 2020.01.13.00)
    - RCTTypeSafety (= 0.63.25)
    - React-Core/RCTNetworkHeaders (= 0.63.25)
    - React-jsi (= 0.63.25)
    - ReactCommon/turbomodule/core (= 0.63.25)
  - React-RCTSettings (0.63.25):
    - FBReactNativeSpec (= 0.63.25)
    - RCT-Folly (= 2020.01.13.00)
    - RCTTypeSafety (= 0.63.25)
    - React-Core/RCTSettingsHeaders (= 0.63.25)
    - React-jsi (= 0.63.25)
    - ReactCommon/turbomodule/core (= 0.63.25)
  - React-RCTText (0.63.25):
    - React-Core/RCTTextHeaders (= 0.63.25)
  - React-RCTVibration (0.63.25):
    - FBReactNativeSpec (= 0.63.25)
    - RCT-Folly (= 2020.01.13.00)
    - React-Core/RCTVibrationHeaders (= 0.63.25)
    - React-jsi (= 0.63.25)
    - ReactCommon/turbomodule/core (= 0.63.25)
  - ReactCommon/turbomodule/core (0.63.25):
    - DoubleConversion
    - glog
    - RCT-Folly (= 2020.01.13.00)
    - React-callinvoker (= 0.63.25)
    - React-Core (= 0.63.25)
    - React-cxxreact (= 0.63.25)
    - React-jsi (= 0.63.25)
  - Yoga (1.14.0)
  - YogaKit (1.18.1):
    - Yoga (~> 1.14)

DEPENDENCIES:
  - boost-for-react-native (from `../node_modules/react-native-macos/third-party-podspecs/boost-for-react-native.podspec`)
  - DoubleConversion (from `../node_modules/react-native-macos/third-party-podspecs/DoubleConversion.podspec`)
  - FBLazyVector (from `../node_modules/react-native-macos/Libraries/FBLazyVector`)
  - FBReactNativeSpec (from `../node_modules/react-native-macos/Libraries/FBReactNativeSpec`)
  - Flipper (~> 0.54.0)
  - Flipper-DoubleConversion (= 1.1.7)
  - Flipper-Folly (~> 2.2)
  - Flipper-Glog (= 0.3.6)
  - Flipper-PeerTalk (~> 0.0.4)
  - Flipper-RSocket (~> 1.1)
  - FlipperKit (~> 0.54.0)
  - FlipperKit/Core (~> 0.54.0)
  - FlipperKit/CppBridge (~> 0.54.0)
  - FlipperKit/FBCxxFollyDynamicConvert (~> 0.54.0)
  - FlipperKit/FBDefines (~> 0.54.0)
  - FlipperKit/FKPortForwarding (~> 0.54.0)
  - FlipperKit/FlipperKitHighlightOverlay (~> 0.54.0)
  - FlipperKit/FlipperKitLayoutPlugin (~> 0.54.0)
  - FlipperKit/FlipperKitLayoutTextSearchable (~> 0.54.0)
  - FlipperKit/FlipperKitNetworkPlugin (~> 0.54.0)
  - FlipperKit/FlipperKitReactPlugin (~> 0.54.0)
  - FlipperKit/FlipperKitUserDefaultsPlugin (~> 0.54.0)
  - FlipperKit/SKIOSNetworkPlugin (~> 0.54.0)
  - glog (from `../node_modules/react-native-macos/third-party-podspecs/glog.podspec`)
  - RCT-Folly (from `../node_modules/react-native-macos/third-party-podspecs/RCT-Folly.podspec`)
  - RCTRequired (from `../node_modules/react-native-macos/Libraries/RCTRequired`)
  - RCTTypeSafety (from `../node_modules/react-native-macos/Libraries/TypeSafety`)
  - React (from `../node_modules/react-native-macos/`)
  - React-callinvoker (from `../node_modules/react-native-macos/ReactCommon/callinvoker`)
  - React-Core (from `../node_modules/react-native-macos/`)
  - React-Core/DevSupport (from `../node_modules/react-native-macos/`)
  - React-Core/RCTWebSocket (from `../node_modules/react-native-macos/`)
  - React-CoreModules (from `../node_modules/react-native-macos/React/CoreModules`)
  - React-cxxreact (from `../node_modules/react-native-macos/ReactCommon/cxxreact`)
  - React-jsi (from `../node_modules/react-native-macos/ReactCommon/jsi`)
  - React-jsiexecutor (from `../node_modules/react-native-macos/ReactCommon/jsiexecutor`)
  - React-jsinspector (from `../node_modules/react-native-macos/ReactCommon/jsinspector`)
  - React-RCTActionSheet (from `../node_modules/react-native-macos/Libraries/ActionSheetIOS`)
  - React-RCTAnimation (from `../node_modules/react-native-macos/Libraries/NativeAnimation`)
  - React-RCTBlob (from `../node_modules/react-native-macos/Libraries/Blob`)
  - React-RCTImage (from `../node_modules/react-native-macos/Libraries/Image`)
  - React-RCTLinking (from `../node_modules/react-native-macos/Libraries/LinkingIOS`)
  - React-RCTNetwork (from `../node_modules/react-native-macos/Libraries/Network`)
  - React-RCTSettings (from `../node_modules/react-native-macos/Libraries/Settings`)
  - React-RCTText (from `../node_modules/react-native-macos/Libraries/Text`)
  - React-RCTVibration (from `../node_modules/react-native-macos/Libraries/Vibration`)
  - ReactCommon/turbomodule/core (from `../node_modules/react-native-macos/ReactCommon`)
  - Yoga (from `../node_modules/react-native-macos/ReactCommon/yoga`)

SPEC REPOS:
  trunk:
    - CocoaAsyncSocket
    - Flipper
    - Flipper-DoubleConversion
    - Flipper-Folly
    - Flipper-Glog
    - Flipper-PeerTalk
    - Flipper-RSocket
    - FlipperKit
    - libevent
    - OpenSSL-Universal
    - YogaKit

EXTERNAL SOURCES:
  boost-for-react-native:
    :podspec: "../node_modules/react-native-macos/third-party-podspecs/boost-for-react-native.podspec"
  DoubleConversion:
    :podspec: "../node_modules/react-native-macos/third-party-podspecs/DoubleConversion.podspec"
  FBLazyVector:
    :path: "../node_modules/react-native-macos/Libraries/FBLazyVector"
  FBReactNativeSpec:
    :path: "../node_modules/react-native-macos/Libraries/FBReactNativeSpec"
  glog:
    :podspec: "../node_modules/react-native-macos/third-party-podspecs/glog.podspec"
  RCT-Folly:
    :podspec: "../node_modules/react-native-macos/third-party-podspecs/RCT-Folly.podspec"
  RCTRequired:
    :path: "../node_modules/react-native-macos/Libraries/RCTRequired"
  RCTTypeSafety:
    :path: "../node_modules/react-native-macos/Libraries/TypeSafety"
  React:
    :path: "../node_modules/react-native-macos/"
  React-callinvoker:
    :path: "../node_modules/react-native-macos/ReactCommon/callinvoker"
  React-Core:
    :path: "../node_modules/react-native-macos/"
  React-CoreModules:
    :path: "../node_modules/react-native-macos/React/CoreModules"
  React-cxxreact:
    :path: "../node_modules/react-native-macos/ReactCommon/cxxreact"
  React-jsi:
    :path: "../node_modules/react-native-macos/ReactCommon/jsi"
  React-jsiexecutor:
    :path: "../node_modules/react-native-macos/ReactCommon/jsiexecutor"
  React-jsinspector:
    :path: "../node_modules/react-native-macos/ReactCommon/jsinspector"
  React-RCTActionSheet:
    :path: "../node_modules/react-native-macos/Libraries/ActionSheetIOS"
  React-RCTAnimation:
    :path: "../node_modules/react-native-macos/Libraries/NativeAnimation"
  React-RCTBlob:
    :path: "../node_modules/react-native-macos/Libraries/Blob"
  React-RCTImage:
    :path: "../node_modules/react-native-macos/Libraries/Image"
  React-RCTLinking:
    :path: "../node_modules/react-native-macos/Libraries/LinkingIOS"
  React-RCTNetwork:
    :path: "../node_modules/react-native-macos/Libraries/Network"
  React-RCTSettings:
    :path: "../node_modules/react-native-macos/Libraries/Settings"
  React-RCTText:
    :path: "../node_modules/react-native-macos/Libraries/Text"
  React-RCTVibration:
    :path: "../node_modules/react-native-macos/Libraries/Vibration"
  ReactCommon:
    :path: "../node_modules/react-native-macos/ReactCommon"
  Yoga:
    :path: "../node_modules/react-native-macos/ReactCommon/yoga"

SPEC CHECKSUMS:
  boost-for-react-native: dabda8622e76020607c2ae1e65cc0cda8b61479d
  CocoaAsyncSocket: 065fd1e645c7abab64f7a6a2007a48038fdc6a99
  DoubleConversion: 56a44bcfd14ab2ff66f5a146b2e875eb4b69b19b
  FBLazyVector: 14ef25933c66d7567e6f770862c5f4d80c0b8a66
  FBReactNativeSpec: 587a67d8718aff7f9b5a3c73c9a4287316995e56
  Flipper: be611d4b742d8c87fbae2ca5f44603a02539e365
  Flipper-DoubleConversion: 38631e41ef4f9b12861c67d17cb5518d06badc41
  Flipper-Folly: f7a3caafbd74bda4827954fd7a6e000e36355489
  Flipper-Glog: 1dfd6abf1e922806c52ceb8701a3599a79a200a6
  Flipper-PeerTalk: 116d8f857dc6ef55c7a5a75ea3ceaafe878aadc9
  Flipper-RSocket: 127954abe8b162fcaf68d2134d34dc2bd7076154
  FlipperKit: ab353d41aea8aae2ea6daaf813e67496642f3d7d
  glog: 1cb7c408c781ae8f35bbababe459b45e3dee4ec1
  libevent: 4049cae6c81cdb3654a443be001fb9bdceff7913
  OpenSSL-Universal: 1aa4f6a6ee7256b83db99ec1ccdaa80d10f9af9b
  RCT-Folly: 1347093ffe75e152d846f7e45a3ef901b60021aa
  RCTRequired: ce76d543359e4bcedab70c7e9574d60150de879d
  RCTTypeSafety: 235c980369e82b0c1847d148151b3da27910c274
  React: 814ce365baf3fc26a72757d4355aedca13198e67
  React-callinvoker: de9f9617b338649487a76b3489c4c8489bf9a6c6
  React-Core: 5417dc430a08fc2a8a575deb7006c7e64848e3c2
  React-CoreModules: e6c724991648102e699163da3c7adac10490acb4
  React-cxxreact: 7f81ade5d0f8159a5bf751c1b3cb6884e9e095c9
  React-jsi: cd0f7f01c27a6a03a072e28d2b15cb7827ce307c
  React-jsiexecutor: df33ebef67db3f0b99118de8f04a899256090cf7
  React-jsinspector: fd77c56f9be9ce7957beab23ae0218afe1211cea
  React-RCTActionSheet: 6a08a087be484a3193dddb50f5772c7205f897b9
  React-RCTAnimation: 8894b32ab57ab438adb7c63c821dea3c67e14b5e
  React-RCTBlob: 6e041a7840d52ad995c37888d9b39173733a9cf5
  React-RCTImage: 2ee6cc0b267684b4736b8f6bc852ec9b7c9803fb
  React-RCTLinking: 327837a3b75b123489ac44d00cbc055c3c6df6ee
  React-RCTNetwork: d0749bed4cc33b7bfcad719fc15c4bc6553d454c
  React-RCTSettings: 786b64e0f5efb57e1114adff4a0685beaa75b76d
  React-RCTText: 6dc5f3c4fb3857286b731632db2fe857a978a633
  React-RCTVibration: 7620d40e81186c09b4a0b636f22e836116b64e95
  ReactCommon: 557a0fec17c3bb14c35da8ea6a32f6f41993bb31
  Yoga: e09905bdc0faa6b35ebb227a1b04415bb144b923
  YogaKit: f782866e155069a2cca2517aafea43200b01fd5a

PODFILE CHECKSUM: a21a89f339095980f3c552037140659c05449ea8

COCOAPODS: 1.10.1
